{
  "object": {
    "pins": [
      {
        "package": "Inject",
        "repositoryURL": "https://github.com/illescasDaniel/Inject-Swift.git",
        "state": {
          "branch": null,
          "revision": "e56ba7813ff5b81c600ffab661c2fa017908a18c",
          "version": "1.2.3"
        }
      }
    ]
  },
  "version": 1
}
