{
  "object": {
    "pins": [
      {
        "package": "Inject",
        "repositoryURL": "https://github.com/illescasDaniel/Inject-Swift.git",
        "state": {
          "branch": null,
          "revision": "150091cf538f200ee020510e422260b787ba8159",
          "version": "1.2.2"
        }
      }
    ]
  },
  "version": 1
}
